
Microsoft Visual Studio Solution File, Format Version 12.00
# Visual Studio 15
VisualStudioVersion = 15.0.27004.2005
MinimumVisualStudioVersion = 10.0.40219.1
Project("{FAE04EC0-301F-11D3-BF4B-00C04F79EFBC}") = "AspNetCoreMvcSharedLocalization", "AspNetCoreMvcSharedLocalization\AspNetCoreMvcSharedLocalization.csproj", "{FBAA73DF-1AF8-4508-A4B2-DA99BF02DC64}"
EndProject
Project("{2150E333-8FDC-42A3-9474-1A3956D46DE8}") = "Solution Items", "Solution Items", "{35B8B93F-BB87-41F8-B62F-90446155113F}"
	ProjectSection(SolutionItems) = preProject
		Readme.md = Readme.md
	EndProjectSection
EndProject
Global
	GlobalSection(SolutionConfigurationPlatforms) = preSolution
		Debug|Any CPU = Debug|Any CPU
		Release|Any CPU = Release|Any CPU
	EndGlobalSection
	GlobalSection(ProjectConfigurationPlatforms) = postSolution
		{FBAA73DF-1AF8-4508-A4B2-DA99BF02DC64}.Debug|Any CPU.ActiveCfg = Debug|Any CPU
		{FBAA73DF-1AF8-4508-A4B2-DA99BF02DC64}.Debug|Any CPU.Build.0 = Debug|Any CPU
		{FBAA73DF-1AF8-4508-A4B2-DA99BF02DC64}.Release|Any CPU.ActiveCfg = Release|Any CPU
		{FBAA73DF-1AF8-4508-A4B2-DA99BF02DC64}.Release|Any CPU.Build.0 = Release|Any CPU
	EndGlobalSection
	GlobalSection(SolutionProperties) = preSolution
		HideSolutionNode = FALSE
	EndGlobalSection
	GlobalSection(ExtensibilityGlobals) = postSolution
		SolutionGuid = {44768389-B2D1-47A3-B1F1-74D0422B0C08}
	EndGlobalSection
EndGlobal
